{
  "version": "3",
  "workspace": {
    "packageJson": {
      "dependencies": [
        "npm:@jsr/std__testing@^0.218.2",
        "npm:@nestjs/cli@^10.0.0",
        "npm:@nestjs/common@^10.0.0",
        "npm:@nestjs/core@^10.0.0",
        "npm:@nestjs/platform-express@^10.0.0",
        "npm:@nestjs/schematics@^10.0.0",
        "npm:@nestjs/testing@^10.0.0",
        "npm:@types/express@^4.17.17",
        "npm:@types/node@^20.3.1",
        "npm:@types/supertest@^6.0.0",
        "npm:reflect-metadata@^0.2.0",
        "npm:rxjs@^7.8.1",
        "npm:supertest@^6.3.3"
      ]
    }
  }
}
