{
  "version": "3",
  "remote": {},
  "workspace": {
    "packageJson": {
      "dependencies": [
        "npm:@jsr/std__testing@^0.218.2",
        "npm:@microsoft/kiota-abstractions@1.0.0-preview.44",
        "npm:@microsoft/kiota-http-fetchlibrary@1.0.0-preview.43",
        "npm:@microsoft/kiota-serialization-form@1.0.0-preview.33",
        "npm:@microsoft/kiota-serialization-json@1.0.0-preview.44",
        "npm:@microsoft/kiota-serialization-multipart@1.0.0-preview.23",
        "npm:@microsoft/kiota-serialization-text@1.0.0-preview.41",
        "npm:@nestjs/cli@^10.0.0",
        "npm:@nestjs/common@^10.0.0",
        "npm:@nestjs/core@^10.0.0",
        "npm:@nestjs/platform-express@^10.0.0",
        "npm:@nestjs/schematics@^10.0.0",
        "npm:@nestjs/testing@^10.0.0",
        "npm:@types/express@^4.17.17",
        "npm:@types/node@^20.3.1",
        "npm:@types/sinon@^17.0.3",
        "npm:@types/supertest@^6.0.0",
        "npm:effect@^2.4.0",
        "npm:reflect-metadata@^0.2.0",
        "npm:rxjs@^7.8.1",
        "npm:sinon@^17.0.1",
        "npm:supertest@^6.3.3"
      ]
    }
  }
}
